// !$*UTF8*$!
{
	archiveVersion = 1;
	classes = {
	};
	objectVersion = 55;
	objects = {

/* Begin PBXBuildFile section */
		9309D77F27E4A51500F19670 /* SearchList.swift in Sources */ = {isa = PBXBuildFile; fileRef = 9309D77E27E4A51500F19670 /* SearchList.swift */; };
		9309D78027E4A51500F19670 /* SearchList.swift in Sources */ = {isa = PBXBuildFile; fileRef = 9309D77E27E4A51500F19670 /* SearchList.swift */; };
		9309D78327E4A55F00F19670 /* AuthorsSearchList.swift in Sources */ = {isa = PBXBuildFile; fileRef = 9309D78227E4A55F00F19670 /* AuthorsSearchList.swift */; };
		9309D78427E4A55F00F19670 /* AuthorsSearchList.swift in Sources */ = {isa = PBXBuildFile; fileRef = 9309D78227E4A55F00F19670 /* AuthorsSearchList.swift */; };
		93219900279D86E600CB6E76 /* Tests_iOS.swift in Sources */ = {isa = PBXBuildFile; fileRef = 932198FF279D86E600CB6E76 /* Tests_iOS.swift */; };
		93219902279D86E600CB6E76 /* Tests_iOSLaunchTests.swift in Sources */ = {isa = PBXBuildFile; fileRef = 93219901279D86E600CB6E76 /* Tests_iOSLaunchTests.swift */; };
		9321990C279D86E600CB6E76 /* Tests_macOS.swift in Sources */ = {isa = PBXBuildFile; fileRef = 9321990B279D86E600CB6E76 /* Tests_macOS.swift */; };
		9321990E279D86E600CB6E76 /* Tests_macOSLaunchTests.swift in Sources */ = {isa = PBXBuildFile; fileRef = 9321990D279D86E600CB6E76 /* Tests_macOSLaunchTests.swift */; };
		9321990F279D86E600CB6E76 /* BookJournal.xcdatamodeld in Sources */ = {isa = PBXBuildFile; fileRef = 932198E4279D86E400CB6E76 /* BookJournal.xcdatamodeld */; };
		93219910279D86E600CB6E76 /* BookJournal.xcdatamodeld in Sources */ = {isa = PBXBuildFile; fileRef = 932198E4279D86E400CB6E76 /* BookJournal.xcdatamodeld */; };
		93219911279D86E600CB6E76 /* BookJournalApp.swift in Sources */ = {isa = PBXBuildFile; fileRef = 932198E6279D86E400CB6E76 /* BookJournalApp.swift */; };
		93219912279D86E600CB6E76 /* BookJournalApp.swift in Sources */ = {isa = PBXBuildFile; fileRef = 932198E6279D86E400CB6E76 /* BookJournalApp.swift */; };
		93219913279D86E600CB6E76 /* ContentView.swift in Sources */ = {isa = PBXBuildFile; fileRef = 932198E7279D86E400CB6E76 /* ContentView.swift */; };
		93219914279D86E600CB6E76 /* ContentView.swift in Sources */ = {isa = PBXBuildFile; fileRef = 932198E7279D86E400CB6E76 /* ContentView.swift */; };
		93219915279D86E600CB6E76 /* Persistence.swift in Sources */ = {isa = PBXBuildFile; fileRef = 932198E8279D86E400CB6E76 /* Persistence.swift */; };
		93219916279D86E600CB6E76 /* Persistence.swift in Sources */ = {isa = PBXBuildFile; fileRef = 932198E8279D86E400CB6E76 /* Persistence.swift */; };
		93219917279D86E600CB6E76 /* Assets.xcassets in Resources */ = {isa = PBXBuildFile; fileRef = 932198E9279D86E600CB6E76 /* Assets.xcassets */; };
		93219918279D86E600CB6E76 /* Assets.xcassets in Resources */ = {isa = PBXBuildFile; fileRef = 932198E9279D86E600CB6E76 /* Assets.xcassets */; };
		9329053E27C2916F000D15AE /* BookList.swift in Sources */ = {isa = PBXBuildFile; fileRef = 9329053D27C2916F000D15AE /* BookList.swift */; };
		9329053F27C2916F000D15AE /* BookList.swift in Sources */ = {isa = PBXBuildFile; fileRef = 9329053D27C2916F000D15AE /* BookList.swift */; };
		9329054127C2932F000D15AE /* Constants.swift in Sources */ = {isa = PBXBuildFile; fileRef = 9329054027C2932F000D15AE /* Constants.swift */; };
		9329054227C2932F000D15AE /* Constants.swift in Sources */ = {isa = PBXBuildFile; fileRef = 9329054027C2932F000D15AE /* Constants.swift */; };
		9329054427C29C55000D15AE /* BookView.swift in Sources */ = {isa = PBXBuildFile; fileRef = 9329054327C29C55000D15AE /* BookView.swift */; };
		9329054527C29C55000D15AE /* BookView.swift in Sources */ = {isa = PBXBuildFile; fileRef = 9329054327C29C55000D15AE /* BookView.swift */; };
		9346342727C2DFA6003B233F /* BookListItem.swift in Sources */ = {isa = PBXBuildFile; fileRef = 9346342627C2DFA6003B233F /* BookListItem.swift */; };
		9346342827C2DFA6003B233F /* BookListItem.swift in Sources */ = {isa = PBXBuildFile; fileRef = 9346342627C2DFA6003B233F /* BookListItem.swift */; };
		9346661727C93EC100D58DE7 /* iOSNewBookSheet.swift in Sources */ = {isa = PBXBuildFile; fileRef = 9346661627C93EC100D58DE7 /* iOSNewBookSheet.swift */; };
		9346661D27C9407000D58DE7 /* MacNewBookWindowView.swift in Sources */ = {isa = PBXBuildFile; fileRef = 9346661827C93FD000D58DE7 /* MacNewBookWindowView.swift */; };
		9346662827C9841900D58DE7 /* Books.swift in Sources */ = {isa = PBXBuildFile; fileRef = 9346662727C9841900D58DE7 /* Books.swift */; };
		9346662927C9841900D58DE7 /* Books.swift in Sources */ = {isa = PBXBuildFile; fileRef = 9346662727C9841900D58DE7 /* Books.swift */; };
		9369C18527E5128200A39E57 /* CreateAuthor.swift in Sources */ = {isa = PBXBuildFile; fileRef = 9369C18427E5128200A39E57 /* CreateAuthor.swift */; };
		9369C18627E5128200A39E57 /* CreateAuthor.swift in Sources */ = {isa = PBXBuildFile; fileRef = 9369C18427E5128200A39E57 /* CreateAuthor.swift */; };
		9369C18927E51D5500A39E57 /* EditorsSearchList.swift in Sources */ = {isa = PBXBuildFile; fileRef = 9369C18827E51D5500A39E57 /* EditorsSearchList.swift */; };
		9369C18A27E51D5500A39E57 /* EditorsSearchList.swift in Sources */ = {isa = PBXBuildFile; fileRef = 9369C18827E51D5500A39E57 /* EditorsSearchList.swift */; };
		9369C18C27E51E1900A39E57 /* CreateEditor.swift in Sources */ = {isa = PBXBuildFile; fileRef = 9369C18B27E51E1900A39E57 /* CreateEditor.swift */; };
		9369C18D27E51E1900A39E57 /* CreateEditor.swift in Sources */ = {isa = PBXBuildFile; fileRef = 9369C18B27E51E1900A39E57 /* CreateEditor.swift */; };
		9369C19027E5204A00A39E57 /* CreatePublisher.swift in Sources */ = {isa = PBXBuildFile; fileRef = 9369C18F27E5204A00A39E57 /* CreatePublisher.swift */; };
		9369C19127E5204A00A39E57 /* CreatePublisher.swift in Sources */ = {isa = PBXBuildFile; fileRef = 9369C18F27E5204A00A39E57 /* CreatePublisher.swift */; };
		9369C19327E520CC00A39E57 /* PublishersSearchList.swift in Sources */ = {isa = PBXBuildFile; fileRef = 9369C19227E520CC00A39E57 /* PublishersSearchList.swift */; };
		9369C19427E520CC00A39E57 /* PublishersSearchList.swift in Sources */ = {isa = PBXBuildFile; fileRef = 9369C19227E520CC00A39E57 /* PublishersSearchList.swift */; };
		9369C19727E53BC400A39E57 /* TranslatorsSearchList.swift in Sources */ = {isa = PBXBuildFile; fileRef = 9369C19627E53BC400A39E57 /* TranslatorsSearchList.swift */; };
		9369C19827E53BC400A39E57 /* TranslatorsSearchList.swift in Sources */ = {isa = PBXBuildFile; fileRef = 9369C19627E53BC400A39E57 /* TranslatorsSearchList.swift */; };
		9369C19A27E53C3D00A39E57 /* CreateTranslator.swift in Sources */ = {isa = PBXBuildFile; fileRef = 9369C19927E53C3D00A39E57 /* CreateTranslator.swift */; };
		9369C19B27E53C3D00A39E57 /* CreateTranslator.swift in Sources */ = {isa = PBXBuildFile; fileRef = 9369C19927E53C3D00A39E57 /* CreateTranslator.swift */; };
		9369C19E27E53FE000A39E57 /* CountriesSearchList.swift in Sources */ = {isa = PBXBuildFile; fileRef = 9369C19D27E53FE000A39E57 /* CountriesSearchList.swift */; };
		9369C19F27E53FE000A39E57 /* CountriesSearchList.swift in Sources */ = {isa = PBXBuildFile; fileRef = 9369C19D27E53FE000A39E57 /* CountriesSearchList.swift */; };
		9369C1A127E5410800A39E57 /* CreateCountry.swift in Sources */ = {isa = PBXBuildFile; fileRef = 9369C1A027E5410800A39E57 /* CreateCountry.swift */; };
		9369C1A227E5410800A39E57 /* CreateCountry.swift in Sources */ = {isa = PBXBuildFile; fileRef = 9369C1A027E5410800A39E57 /* CreateCountry.swift */; };
		9369C1A527E628D200A39E57 /* WrappingHStack in Frameworks */ = {isa = PBXBuildFile; productRef = 9369C1A427E628D200A39E57 /* WrappingHStack */; };
		9369C1AA27E62C1F00A39E57 /* WrappingSmallChipsWithName.swift in Sources */ = {isa = PBXBuildFile; fileRef = 9369C1A927E62C1F00A39E57 /* WrappingSmallChipsWithName.swift */; };
		9369C1AB27E62C1F00A39E57 /* WrappingSmallChipsWithName.swift in Sources */ = {isa = PBXBuildFile; fileRef = 9369C1A927E62C1F00A39E57 /* WrappingSmallChipsWithName.swift */; };
		9369C1AE27E62FE000A39E57 /* PickerMimickerWithName.swift in Sources */ = {isa = PBXBuildFile; fileRef = 9369C1AD27E62FE000A39E57 /* PickerMimickerWithName.swift */; };
		9369C1AF27E62FE000A39E57 /* PickerMimickerWithName.swift in Sources */ = {isa = PBXBuildFile; fileRef = 9369C1AD27E62FE000A39E57 /* PickerMimickerWithName.swift */; };
		9369C1B227E631EC00A39E57 /* LanguagePicker.swift in Sources */ = {isa = PBXBuildFile; fileRef = 9369C1B127E631EC00A39E57 /* LanguagePicker.swift */; };
		9369C1B327E631EC00A39E57 /* LanguagePicker.swift in Sources */ = {isa = PBXBuildFile; fileRef = 9369C1B127E631EC00A39E57 /* LanguagePicker.swift */; };
		9369C1B627E6395B00A39E57 /* WrappingHStack in Frameworks */ = {isa = PBXBuildFile; productRef = 9369C1B527E6395B00A39E57 /* WrappingHStack */; };
		9369C1B927E6452400A39E57 /* GenresSearchList.swift in Sources */ = {isa = PBXBuildFile; fileRef = 9369C1B827E6452400A39E57 /* GenresSearchList.swift */; };
		9369C1BB27E6458000A39E57 /* CreateGenre.swift in Sources */ = {isa = PBXBuildFile; fileRef = 9369C1BA27E6458000A39E57 /* CreateGenre.swift */; };
		9369C1BE27E6481500A39E57 /* TagsSearchList.swift in Sources */ = {isa = PBXBuildFile; fileRef = 9369C1BD27E6481500A39E57 /* TagsSearchList.swift */; };
		9369C1C027E6486100A39E57 /* CreateTag.swift in Sources */ = {isa = PBXBuildFile; fileRef = 9369C1BF27E6486100A39E57 /* CreateTag.swift */; };
		9369C1C127E6486500A39E57 /* CreateTag.swift in Sources */ = {isa = PBXBuildFile; fileRef = 9369C1BF27E6486100A39E57 /* CreateTag.swift */; };
		9369C1C227E6486800A39E57 /* TagsSearchList.swift in Sources */ = {isa = PBXBuildFile; fileRef = 9369C1BD27E6481500A39E57 /* TagsSearchList.swift */; };
		9369C1C327E6486B00A39E57 /* CreateGenre.swift in Sources */ = {isa = PBXBuildFile; fileRef = 9369C1BA27E6458000A39E57 /* CreateGenre.swift */; };
		9369C1C427E6486E00A39E57 /* GenresSearchList.swift in Sources */ = {isa = PBXBuildFile; fileRef = 9369C1B827E6452400A39E57 /* GenresSearchList.swift */; };
		9369C1C727E64B3600A39E57 /* CategoriesSearchList.swift in Sources */ = {isa = PBXBuildFile; fileRef = 9369C1C627E64B3600A39E57 /* CategoriesSearchList.swift */; };
		9369C1C827E64B3800A39E57 /* CategoriesSearchList.swift in Sources */ = {isa = PBXBuildFile; fileRef = 9369C1C627E64B3600A39E57 /* CategoriesSearchList.swift */; };
		9369C1CA27E64B8B00A39E57 /* CreateCategory.swift in Sources */ = {isa = PBXBuildFile; fileRef = 9369C1C927E64B8B00A39E57 /* CreateCategory.swift */; };
		9369C1CB27E64B8B00A39E57 /* CreateCategory.swift in Sources */ = {isa = PBXBuildFile; fileRef = 9369C1C927E64B8B00A39E57 /* CreateCategory.swift */; };
		9369C1D127E76C9000A39E57 /* MacNewBookWindowView.swift in Sources */ = {isa = PBXBuildFile; fileRef = 9346661827C93FD000D58DE7 /* MacNewBookWindowView.swift */; };
		9369C1D527E76ED700A39E57 /* MacNewBookWindow.swift in Sources */ = {isa = PBXBuildFile; fileRef = 9369C1D427E76ED700A39E57 /* MacNewBookWindow.swift */; };
		939BB9EF27CA44D60001B0DF /* CoreData.swift in Sources */ = {isa = PBXBuildFile; fileRef = 939BB9EE27CA44D60001B0DF /* CoreData.swift */; };
		939BB9F027CA44D60001B0DF /* CoreData.swift in Sources */ = {isa = PBXBuildFile; fileRef = 939BB9EE27CA44D60001B0DF /* CoreData.swift */; };
		939BB9F327CA785F0001B0DF /* Chip.swift in Sources */ = {isa = PBXBuildFile; fileRef = 939BB9F227CA785F0001B0DF /* Chip.swift */; };
		939BB9F427CA785F0001B0DF /* Chip.swift in Sources */ = {isa = PBXBuildFile; fileRef = 939BB9F227CA785F0001B0DF /* Chip.swift */; };
		939BB9F627CA9BB40001B0DF /* SmallChip.swift in Sources */ = {isa = PBXBuildFile; fileRef = 939BB9F527CA9BB40001B0DF /* SmallChip.swift */; };
		939BB9F727CA9BB40001B0DF /* SmallChip.swift in Sources */ = {isa = PBXBuildFile; fileRef = 939BB9F527CA9BB40001B0DF /* SmallChip.swift */; };
/* End PBXBuildFile section */

/* Begin PBXContainerItemProxy section */
		932198FC279D86E600CB6E76 /* PBXContainerItemProxy */ = {
			isa = PBXContainerItemProxy;
			containerPortal = 932198DF279D86E400CB6E76 /* Project object */;
			proxyType = 1;
			remoteGlobalIDString = 932198ED279D86E600CB6E76;
			remoteInfo = "BookJournal (iOS)";
		};
		93219908279D86E600CB6E76 /* PBXContainerItemProxy */ = {
			isa = PBXContainerItemProxy;
			containerPortal = 932198DF279D86E400CB6E76 /* Project object */;
			proxyType = 1;
			remoteGlobalIDString = 932198F3279D86E600CB6E76;
			remoteInfo = "BookJournal (macOS)";
		};
/* End PBXContainerItemProxy section */

/* Begin PBXFileReference section */
		9309D77E27E4A51500F19670 /* SearchList.swift */ = {isa = PBXFileReference; lastKnownFileType = sourcecode.swift; path = SearchList.swift; sourceTree = "<group>"; };
		9309D78227E4A55F00F19670 /* AuthorsSearchList.swift */ = {isa = PBXFileReference; lastKnownFileType = sourcecode.swift; path = AuthorsSearchList.swift; sourceTree = "<group>"; };
		932198E5279D86E400CB6E76 /* Shared.xcdatamodel */ = {isa = PBXFileReference; lastKnownFileType = wrapper.xcdatamodel; path = Shared.xcdatamodel; sourceTree = "<group>"; };
		932198E6279D86E400CB6E76 /* BookJournalApp.swift */ = {isa = PBXFileReference; lastKnownFileType = sourcecode.swift; path = BookJournalApp.swift; sourceTree = "<group>"; };
		932198E7279D86E400CB6E76 /* ContentView.swift */ = {isa = PBXFileReference; lastKnownFileType = sourcecode.swift; path = ContentView.swift; sourceTree = "<group>"; };
		932198E8279D86E400CB6E76 /* Persistence.swift */ = {isa = PBXFileReference; lastKnownFileType = sourcecode.swift; path = Persistence.swift; sourceTree = "<group>"; };
		932198E9279D86E600CB6E76 /* Assets.xcassets */ = {isa = PBXFileReference; lastKnownFileType = folder.assetcatalog; path = Assets.xcassets; sourceTree = "<group>"; };
		932198EE279D86E600CB6E76 /* BookJournal.app */ = {isa = PBXFileReference; explicitFileType = wrapper.application; includeInIndex = 0; path = BookJournal.app; sourceTree = BUILT_PRODUCTS_DIR; };
		932198F4279D86E600CB6E76 /* BookJournal.app */ = {isa = PBXFileReference; explicitFileType = wrapper.application; includeInIndex = 0; path = BookJournal.app; sourceTree = BUILT_PRODUCTS_DIR; };
		932198F6279D86E600CB6E76 /* macOS.entitlements */ = {isa = PBXFileReference; lastKnownFileType = text.plist.entitlements; path = macOS.entitlements; sourceTree = "<group>"; };
		932198FB279D86E600CB6E76 /* Tests iOS.xctest */ = {isa = PBXFileReference; explicitFileType = wrapper.cfbundle; includeInIndex = 0; path = "Tests iOS.xctest"; sourceTree = BUILT_PRODUCTS_DIR; };
		932198FF279D86E600CB6E76 /* Tests_iOS.swift */ = {isa = PBXFileReference; lastKnownFileType = sourcecode.swift; path = Tests_iOS.swift; sourceTree = "<group>"; };
		93219901279D86E600CB6E76 /* Tests_iOSLaunchTests.swift */ = {isa = PBXFileReference; lastKnownFileType = sourcecode.swift; path = Tests_iOSLaunchTests.swift; sourceTree = "<group>"; };
		93219907279D86E600CB6E76 /* Tests macOS.xctest */ = {isa = PBXFileReference; explicitFileType = wrapper.cfbundle; includeInIndex = 0; path = "Tests macOS.xctest"; sourceTree = BUILT_PRODUCTS_DIR; };
		9321990B279D86E600CB6E76 /* Tests_macOS.swift */ = {isa = PBXFileReference; lastKnownFileType = sourcecode.swift; path = Tests_macOS.swift; sourceTree = "<group>"; };
		9321990D279D86E600CB6E76 /* Tests_macOSLaunchTests.swift */ = {isa = PBXFileReference; lastKnownFileType = sourcecode.swift; path = Tests_macOSLaunchTests.swift; sourceTree = "<group>"; };
		9329053D27C2916F000D15AE /* BookList.swift */ = {isa = PBXFileReference; lastKnownFileType = sourcecode.swift; path = BookList.swift; sourceTree = "<group>"; };
		9329054027C2932F000D15AE /* Constants.swift */ = {isa = PBXFileReference; lastKnownFileType = sourcecode.swift; path = Constants.swift; sourceTree = "<group>"; };
		9329054327C29C55000D15AE /* BookView.swift */ = {isa = PBXFileReference; lastKnownFileType = sourcecode.swift; path = BookView.swift; sourceTree = "<group>"; };
		9346342627C2DFA6003B233F /* BookListItem.swift */ = {isa = PBXFileReference; lastKnownFileType = sourcecode.swift; path = BookListItem.swift; sourceTree = "<group>"; };
		9346661627C93EC100D58DE7 /* iOSNewBookSheet.swift */ = {isa = PBXFileReference; lastKnownFileType = sourcecode.swift; path = iOSNewBookSheet.swift; sourceTree = "<group>"; };
		9346661827C93FD000D58DE7 /* MacNewBookWindowView.swift */ = {isa = PBXFileReference; lastKnownFileType = sourcecode.swift; path = MacNewBookWindowView.swift; sourceTree = "<group>"; };
		9346662727C9841900D58DE7 /* Books.swift */ = {isa = PBXFileReference; lastKnownFileType = sourcecode.swift; path = Books.swift; sourceTree = "<group>"; };
		9369C18427E5128200A39E57 /* CreateAuthor.swift */ = {isa = PBXFileReference; lastKnownFileType = sourcecode.swift; path = CreateAuthor.swift; sourceTree = "<group>"; };
		9369C18827E51D5500A39E57 /* EditorsSearchList.swift */ = {isa = PBXFileReference; lastKnownFileType = sourcecode.swift; path = EditorsSearchList.swift; sourceTree = "<group>"; };
		9369C18B27E51E1900A39E57 /* CreateEditor.swift */ = {isa = PBXFileReference; lastKnownFileType = sourcecode.swift; path = CreateEditor.swift; sourceTree = "<group>"; };
		9369C18F27E5204A00A39E57 /* CreatePublisher.swift */ = {isa = PBXFileReference; lastKnownFileType = sourcecode.swift; path = CreatePublisher.swift; sourceTree = "<group>"; };
		9369C19227E520CC00A39E57 /* PublishersSearchList.swift */ = {isa = PBXFileReference; lastKnownFileType = sourcecode.swift; path = PublishersSearchList.swift; sourceTree = "<group>"; };
		9369C19627E53BC400A39E57 /* TranslatorsSearchList.swift */ = {isa = PBXFileReference; lastKnownFileType = sourcecode.swift; path = TranslatorsSearchList.swift; sourceTree = "<group>"; };
		9369C19927E53C3D00A39E57 /* CreateTranslator.swift */ = {isa = PBXFileReference; lastKnownFileType = sourcecode.swift; path = CreateTranslator.swift; sourceTree = "<group>"; };
		9369C19D27E53FE000A39E57 /* CountriesSearchList.swift */ = {isa = PBXFileReference; lastKnownFileType = sourcecode.swift; path = CountriesSearchList.swift; sourceTree = "<group>"; };
		9369C1A027E5410800A39E57 /* CreateCountry.swift */ = {isa = PBXFileReference; lastKnownFileType = sourcecode.swift; path = CreateCountry.swift; sourceTree = "<group>"; };
		9369C1A927E62C1F00A39E57 /* WrappingSmallChipsWithName.swift */ = {isa = PBXFileReference; lastKnownFileType = sourcecode.swift; path = WrappingSmallChipsWithName.swift; sourceTree = "<group>"; };
		9369C1AD27E62FE000A39E57 /* PickerMimickerWithName.swift */ = {isa = PBXFileReference; lastKnownFileType = sourcecode.swift; path = PickerMimickerWithName.swift; sourceTree = "<group>"; };
		9369C1B127E631EC00A39E57 /* LanguagePicker.swift */ = {isa = PBXFileReference; lastKnownFileType = sourcecode.swift; path = LanguagePicker.swift; sourceTree = "<group>"; };
		9369C1B827E6452400A39E57 /* GenresSearchList.swift */ = {isa = PBXFileReference; lastKnownFileType = sourcecode.swift; path = GenresSearchList.swift; sourceTree = "<group>"; };
		9369C1BA27E6458000A39E57 /* CreateGenre.swift */ = {isa = PBXFileReference; lastKnownFileType = sourcecode.swift; path = CreateGenre.swift; sourceTree = "<group>"; };
		9369C1BD27E6481500A39E57 /* TagsSearchList.swift */ = {isa = PBXFileReference; lastKnownFileType = sourcecode.swift; path = TagsSearchList.swift; sourceTree = "<group>"; };
		9369C1BF27E6486100A39E57 /* CreateTag.swift */ = {isa = PBXFileReference; lastKnownFileType = sourcecode.swift; path = CreateTag.swift; sourceTree = "<group>"; };
		9369C1C627E64B3600A39E57 /* CategoriesSearchList.swift */ = {isa = PBXFileReference; lastKnownFileType = sourcecode.swift; path = CategoriesSearchList.swift; sourceTree = "<group>"; };
		9369C1C927E64B8B00A39E57 /* CreateCategory.swift */ = {isa = PBXFileReference; lastKnownFileType = sourcecode.swift; path = CreateCategory.swift; sourceTree = "<group>"; };
		9369C1D427E76ED700A39E57 /* MacNewBookWindow.swift */ = {isa = PBXFileReference; lastKnownFileType = sourcecode.swift; path = MacNewBookWindow.swift; sourceTree = "<group>"; };
		939BB9EE27CA44D60001B0DF /* CoreData.swift */ = {isa = PBXFileReference; lastKnownFileType = sourcecode.swift; path = CoreData.swift; sourceTree = "<group>"; };
		939BB9F227CA785F0001B0DF /* Chip.swift */ = {isa = PBXFileReference; lastKnownFileType = sourcecode.swift; path = Chip.swift; sourceTree = "<group>"; };
		939BB9F527CA9BB40001B0DF /* SmallChip.swift */ = {isa = PBXFileReference; lastKnownFileType = sourcecode.swift; path = SmallChip.swift; sourceTree = "<group>"; };
/* End PBXFileReference section */

/* Begin PBXFrameworksBuildPhase section */
		932198EB279D86E600CB6E76 /* Frameworks */ = {
			isa = PBXFrameworksBuildPhase;
			buildActionMask = 2147483647;
			files = (
				9369C1A527E628D200A39E57 /* WrappingHStack in Frameworks */,
			);
			runOnlyForDeploymentPostprocessing = 0;
		};
		932198F1279D86E600CB6E76 /* Frameworks */ = {
			isa = PBXFrameworksBuildPhase;
			buildActionMask = 2147483647;
			files = (
				9369C1B627E6395B00A39E57 /* WrappingHStack in Frameworks */,
			);
			runOnlyForDeploymentPostprocessing = 0;
		};
		932198F8279D86E600CB6E76 /* Frameworks */ = {
			isa = PBXFrameworksBuildPhase;
			buildActionMask = 2147483647;
			files = (
			);
			runOnlyForDeploymentPostprocessing = 0;
		};
		93219904279D86E600CB6E76 /* Frameworks */ = {
			isa = PBXFrameworksBuildPhase;
			buildActionMask = 2147483647;
			files = (
			);
			runOnlyForDeploymentPostprocessing = 0;
		};
/* End PBXFrameworksBuildPhase section */

/* Begin PBXGroup section */
		9309D78127E4A54900F19670 /* Authors */ = {
			isa = PBXGroup;
			children = (
				9309D78227E4A55F00F19670 /* AuthorsSearchList.swift */,
				9369C18427E5128200A39E57 /* CreateAuthor.swift */,
			);
			path = Authors;
			sourceTree = "<group>";
		};
		932198DE279D86E400CB6E76 = {
			isa = PBXGroup;
			children = (
				932198E3279D86E400CB6E76 /* Shared */,
				932198F5279D86E600CB6E76 /* macOS */,
				932198FE279D86E600CB6E76 /* Tests iOS */,
				9321990A279D86E600CB6E76 /* Tests macOS */,
				932198EF279D86E600CB6E76 /* Products */,
			);
			sourceTree = "<group>";
		};
		932198E3279D86E400CB6E76 /* Shared */ = {
			isa = PBXGroup;
			children = (
				932198E6279D86E400CB6E76 /* BookJournalApp.swift */,
				932198E8279D86E400CB6E76 /* Persistence.swift */,
				9346662627C9840200D58DE7 /* Data */,
				939BB9ED27CA44AE0001B0DF /* Extensions */,
				939BB9F127CA78460001B0DF /* Elements */,
				9329053827C28DDF000D15AE /* Navigation */,
				9346342227C2A5BF003B233F /* Books */,
				9309D78127E4A54900F19670 /* Authors */,
				9369C18727E51CAD00A39E57 /* Editors */,
				9369C19527E53BAE00A39E57 /* Translators */,
				9369C18E27E5201900A39E57 /* Publishers */,
				9369C19C27E53FBF00A39E57 /* Countries */,
				9369C1B727E6451300A39E57 /* Genres */,
				9369C1BC27E6480500A39E57 /* Tags */,
				9369C1C527E64B1900A39E57 /* Categories */,
				9329054027C2932F000D15AE /* Constants.swift */,
				932198E9279D86E600CB6E76 /* Assets.xcassets */,
				932198E4279D86E400CB6E76 /* BookJournal.xcdatamodeld */,
			);
			path = Shared;
			sourceTree = "<group>";
		};
		932198EF279D86E600CB6E76 /* Products */ = {
			isa = PBXGroup;
			children = (
				932198EE279D86E600CB6E76 /* BookJournal.app */,
				932198F4279D86E600CB6E76 /* BookJournal.app */,
				932198FB279D86E600CB6E76 /* Tests iOS.xctest */,
				93219907279D86E600CB6E76 /* Tests macOS.xctest */,
			);
			name = Products;
			sourceTree = "<group>";
		};
		932198F5279D86E600CB6E76 /* macOS */ = {
			isa = PBXGroup;
			children = (
				932198F6279D86E600CB6E76 /* macOS.entitlements */,
			);
			path = macOS;
			sourceTree = "<group>";
		};
		932198FE279D86E600CB6E76 /* Tests iOS */ = {
			isa = PBXGroup;
			children = (
				932198FF279D86E600CB6E76 /* Tests_iOS.swift */,
				93219901279D86E600CB6E76 /* Tests_iOSLaunchTests.swift */,
			);
			path = "Tests iOS";
			sourceTree = "<group>";
		};
		9321990A279D86E600CB6E76 /* Tests macOS */ = {
			isa = PBXGroup;
			children = (
				9321990B279D86E600CB6E76 /* Tests_macOS.swift */,
				9321990D279D86E600CB6E76 /* Tests_macOSLaunchTests.swift */,
			);
			path = "Tests macOS";
			sourceTree = "<group>";
		};
		9329053827C28DDF000D15AE /* Navigation */ = {
			isa = PBXGroup;
			children = (
				932198E7279D86E400CB6E76 /* ContentView.swift */,
			);
			path = Navigation;
			sourceTree = "<group>";
		};
		9346342227C2A5BF003B233F /* Books */ = {
			isa = PBXGroup;
			children = (
				9369C1D327E76EC500A39E57 /* MacNewBookWindow */,
				9346661627C93EC100D58DE7 /* iOSNewBookSheet.swift */,
				9329053D27C2916F000D15AE /* BookList.swift */,
				9329054327C29C55000D15AE /* BookView.swift */,
				9346342627C2DFA6003B233F /* BookListItem.swift */,
			);
			path = Books;
			sourceTree = "<group>";
		};
		9346662627C9840200D58DE7 /* Data */ = {
			isa = PBXGroup;
			children = (
				9346662727C9841900D58DE7 /* Books.swift */,
			);
			path = Data;
			sourceTree = "<group>";
		};
		9369C18727E51CAD00A39E57 /* Editors */ = {
			isa = PBXGroup;
			children = (
				9369C18827E51D5500A39E57 /* EditorsSearchList.swift */,
				9369C18B27E51E1900A39E57 /* CreateEditor.swift */,
			);
			path = Editors;
			sourceTree = "<group>";
		};
		9369C18E27E5201900A39E57 /* Publishers */ = {
			isa = PBXGroup;
			children = (
				9369C19227E520CC00A39E57 /* PublishersSearchList.swift */,
				9369C18F27E5204A00A39E57 /* CreatePublisher.swift */,
			);
			path = Publishers;
			sourceTree = "<group>";
		};
		9369C19527E53BAE00A39E57 /* Translators */ = {
			isa = PBXGroup;
			children = (
				9369C19627E53BC400A39E57 /* TranslatorsSearchList.swift */,
				9369C19927E53C3D00A39E57 /* CreateTranslator.swift */,
			);
			path = Translators;
			sourceTree = "<group>";
		};
		9369C19C27E53FBF00A39E57 /* Countries */ = {
			isa = PBXGroup;
			children = (
				9369C19D27E53FE000A39E57 /* CountriesSearchList.swift */,
				9369C1A027E5410800A39E57 /* CreateCountry.swift */,
			);
			path = Countries;
			sourceTree = "<group>";
		};
		9369C1AC27E62F2400A39E57 /* Forms */ = {
			isa = PBXGroup;
			children = (
				9369C1A927E62C1F00A39E57 /* WrappingSmallChipsWithName.swift */,
				9369C1AD27E62FE000A39E57 /* PickerMimickerWithName.swift */,
			);
			path = Forms;
			sourceTree = "<group>";
		};
		9369C1B727E6451300A39E57 /* Genres */ = {
			isa = PBXGroup;
			children = (
				9369C1B827E6452400A39E57 /* GenresSearchList.swift */,
				9369C1BA27E6458000A39E57 /* CreateGenre.swift */,
			);
			path = Genres;
			sourceTree = "<group>";
		};
		9369C1BC27E6480500A39E57 /* Tags */ = {
			isa = PBXGroup;
			children = (
				9369C1BD27E6481500A39E57 /* TagsSearchList.swift */,
				9369C1BF27E6486100A39E57 /* CreateTag.swift */,
			);
			path = Tags;
			sourceTree = "<group>";
		};
		9369C1C527E64B1900A39E57 /* Categories */ = {
			isa = PBXGroup;
			children = (
				9369C1C627E64B3600A39E57 /* CategoriesSearchList.swift */,
				9369C1C927E64B8B00A39E57 /* CreateCategory.swift */,
			);
			path = Categories;
			sourceTree = "<group>";
		};
		9369C1D327E76EC500A39E57 /* MacNewBookWindow */ = {
			isa = PBXGroup;
			children = (
				9346661827C93FD000D58DE7 /* MacNewBookWindowView.swift */,
				9369C1D427E76ED700A39E57 /* MacNewBookWindow.swift */,
			);
			path = MacNewBookWindow;
			sourceTree = "<group>";
		};
		939BB9ED27CA44AE0001B0DF /* Extensions */ = {
			isa = PBXGroup;
			children = (
				939BB9EE27CA44D60001B0DF /* CoreData.swift */,
			);
			path = Extensions;
			sourceTree = "<group>";
		};
		939BB9F127CA78460001B0DF /* Elements */ = {
			isa = PBXGroup;
			children = (
				9369C1AC27E62F2400A39E57 /* Forms */,
				939BB9F227CA785F0001B0DF /* Chip.swift */,
				939BB9F527CA9BB40001B0DF /* SmallChip.swift */,
				9309D77E27E4A51500F19670 /* SearchList.swift */,
				9369C1B127E631EC00A39E57 /* LanguagePicker.swift */,
			);
			path = Elements;
			sourceTree = "<group>";
		};
/* End PBXGroup section */

/* Begin PBXNativeTarget section */
		932198ED279D86E600CB6E76 /* BookJournal (iOS) */ = {
			isa = PBXNativeTarget;
			buildConfigurationList = 9321991B279D86E600CB6E76 /* Build configuration list for PBXNativeTarget "BookJournal (iOS)" */;
			buildPhases = (
				932198EA279D86E600CB6E76 /* Sources */,
				932198EB279D86E600CB6E76 /* Frameworks */,
				932198EC279D86E600CB6E76 /* Resources */,
			);
			buildRules = (
			);
			dependencies = (
			);
			name = "BookJournal (iOS)";
			packageProductDependencies = (
				9369C1A427E628D200A39E57 /* WrappingHStack */,
			);
			productName = "BookJournal (iOS)";
			productReference = 932198EE279D86E600CB6E76 /* BookJournal.app */;
			productType = "com.apple.product-type.application";
		};
		932198F3279D86E600CB6E76 /* BookJournal (macOS) */ = {
			isa = PBXNativeTarget;
			buildConfigurationList = 9321991E279D86E600CB6E76 /* Build configuration list for PBXNativeTarget "BookJournal (macOS)" */;
			buildPhases = (
				932198F0279D86E600CB6E76 /* Sources */,
				932198F1279D86E600CB6E76 /* Frameworks */,
				932198F2279D86E600CB6E76 /* Resources */,
			);
			buildRules = (
			);
			dependencies = (
			);
			name = "BookJournal (macOS)";
			packageProductDependencies = (
				9369C1B527E6395B00A39E57 /* WrappingHStack */,
			);
			productName = "BookJournal (macOS)";
			productReference = 932198F4279D86E600CB6E76 /* BookJournal.app */;
			productType = "com.apple.product-type.application";
		};
		932198FA279D86E600CB6E76 /* Tests iOS */ = {
			isa = PBXNativeTarget;
			buildConfigurationList = 93219921279D86E600CB6E76 /* Build configuration list for PBXNativeTarget "Tests iOS" */;
			buildPhases = (
				932198F7279D86E600CB6E76 /* Sources */,
				932198F8279D86E600CB6E76 /* Frameworks */,
				932198F9279D86E600CB6E76 /* Resources */,
			);
			buildRules = (
			);
			dependencies = (
				932198FD279D86E600CB6E76 /* PBXTargetDependency */,
			);
			name = "Tests iOS";
			productName = "Tests iOS";
			productReference = 932198FB279D86E600CB6E76 /* Tests iOS.xctest */;
			productType = "com.apple.product-type.bundle.ui-testing";
		};
		93219906279D86E600CB6E76 /* Tests macOS */ = {
			isa = PBXNativeTarget;
			buildConfigurationList = 93219924279D86E600CB6E76 /* Build configuration list for PBXNativeTarget "Tests macOS" */;
			buildPhases = (
				93219903279D86E600CB6E76 /* Sources */,
				93219904279D86E600CB6E76 /* Frameworks */,
				93219905279D86E600CB6E76 /* Resources */,
			);
			buildRules = (
			);
			dependencies = (
				93219909279D86E600CB6E76 /* PBXTargetDependency */,
			);
			name = "Tests macOS";
			productName = "Tests macOS";
			productReference = 93219907279D86E600CB6E76 /* Tests macOS.xctest */;
			productType = "com.apple.product-type.bundle.ui-testing";
		};
/* End PBXNativeTarget section */

/* Begin PBXProject section */
		932198DF279D86E400CB6E76 /* Project object */ = {
			isa = PBXProject;
			attributes = {
				BuildIndependentTargetsInParallel = 1;
				LastSwiftUpdateCheck = 1320;
				LastUpgradeCheck = 1320;
				TargetAttributes = {
					932198ED279D86E600CB6E76 = {
						CreatedOnToolsVersion = 13.2.1;
					};
					932198F3279D86E600CB6E76 = {
						CreatedOnToolsVersion = 13.2.1;
					};
					932198FA279D86E600CB6E76 = {
						CreatedOnToolsVersion = 13.2.1;
						TestTargetID = 932198ED279D86E600CB6E76;
					};
					93219906279D86E600CB6E76 = {
						CreatedOnToolsVersion = 13.2.1;
						TestTargetID = 932198F3279D86E600CB6E76;
					};
				};
			};
			buildConfigurationList = 932198E2279D86E400CB6E76 /* Build configuration list for PBXProject "BookJournal" */;
			compatibilityVersion = "Xcode 13.0";
			developmentRegion = en;
			hasScannedForEncodings = 0;
			knownRegions = (
				en,
				Base,
			);
			mainGroup = 932198DE279D86E400CB6E76;
			packageReferences = (
				9369C1A327E628D200A39E57 /* XCRemoteSwiftPackageReference "WrappingHStack" */,
			);
			productRefGroup = 932198EF279D86E600CB6E76 /* Products */;
			projectDirPath = "";
			projectRoot = "";
			targets = (
				932198ED279D86E600CB6E76 /* BookJournal (iOS) */,
				932198F3279D86E600CB6E76 /* BookJournal (macOS) */,
				932198FA279D86E600CB6E76 /* Tests iOS */,
				93219906279D86E600CB6E76 /* Tests macOS */,
			);
		};
/* End PBXProject section */

/* Begin PBXResourcesBuildPhase section */
		932198EC279D86E600CB6E76 /* Resources */ = {
			isa = PBXResourcesBuildPhase;
			buildActionMask = 2147483647;
			files = (
				93219917279D86E600CB6E76 /* Assets.xcassets in Resources */,
			);
			runOnlyForDeploymentPostprocessing = 0;
		};
		932198F2279D86E600CB6E76 /* Resources */ = {
			isa = PBXResourcesBuildPhase;
			buildActionMask = 2147483647;
			files = (
				93219918279D86E600CB6E76 /* Assets.xcassets in Resources */,
			);
			runOnlyForDeploymentPostprocessing = 0;
		};
		932198F9279D86E600CB6E76 /* Resources */ = {
			isa = PBXResourcesBuildPhase;
			buildActionMask = 2147483647;
			files = (
			);
			runOnlyForDeploymentPostprocessing = 0;
		};
		93219905279D86E600CB6E76 /* Resources */ = {
			isa = PBXResourcesBuildPhase;
			buildActionMask = 2147483647;
			files = (
			);
			runOnlyForDeploymentPostprocessing = 0;
		};
/* End PBXResourcesBuildPhase section */

/* Begin PBXSourcesBuildPhase section */
		932198EA279D86E600CB6E76 /* Sources */ = {
			isa = PBXSourcesBuildPhase;
			buildActionMask = 2147483647;
			files = (
				9329053E27C2916F000D15AE /* BookList.swift in Sources */,
				939BB9EF27CA44D60001B0DF /* CoreData.swift in Sources */,
				93219911279D86E600CB6E76 /* BookJournalApp.swift in Sources */,
				9346661727C93EC100D58DE7 /* iOSNewBookSheet.swift in Sources */,
				9369C18927E51D5500A39E57 /* EditorsSearchList.swift in Sources */,
				9369C18C27E51E1900A39E57 /* CreateEditor.swift in Sources */,
				9369C1A127E5410800A39E57 /* CreateCountry.swift in Sources */,
				9346342727C2DFA6003B233F /* BookListItem.swift in Sources */,
				9369C1AE27E62FE000A39E57 /* PickerMimickerWithName.swift in Sources */,
				93219915279D86E600CB6E76 /* Persistence.swift in Sources */,
				9329054127C2932F000D15AE /* Constants.swift in Sources */,
				9369C18527E5128200A39E57 /* CreateAuthor.swift in Sources */,
				9369C19327E520CC00A39E57 /* PublishersSearchList.swift in Sources */,
				9369C1B927E6452400A39E57 /* GenresSearchList.swift in Sources */,
				9346662827C9841900D58DE7 /* Books.swift in Sources */,
				9309D78327E4A55F00F19670 /* AuthorsSearchList.swift in Sources */,
				9321990F279D86E600CB6E76 /* BookJournal.xcdatamodeld in Sources */,
				9329054427C29C55000D15AE /* BookView.swift in Sources */,
				9369C1B227E631EC00A39E57 /* LanguagePicker.swift in Sources */,
				9369C1BE27E6481500A39E57 /* TagsSearchList.swift in Sources */,
				9369C19027E5204A00A39E57 /* CreatePublisher.swift in Sources */,
				9369C1CA27E64B8B00A39E57 /* CreateCategory.swift in Sources */,
				9369C1AA27E62C1F00A39E57 /* WrappingSmallChipsWithName.swift in Sources */,
				9369C1D127E76C9000A39E57 /* MacNewBookWindowView.swift in Sources */,
				93219913279D86E600CB6E76 /* ContentView.swift in Sources */,
				9369C19727E53BC400A39E57 /* TranslatorsSearchList.swift in Sources */,
				9369C19E27E53FE000A39E57 /* CountriesSearchList.swift in Sources */,
				9309D77F27E4A51500F19670 /* SearchList.swift in Sources */,
				9369C1C027E6486100A39E57 /* CreateTag.swift in Sources */,
				9369C19A27E53C3D00A39E57 /* CreateTranslator.swift in Sources */,
				9369C1C727E64B3600A39E57 /* CategoriesSearchList.swift in Sources */,
				939BB9F327CA785F0001B0DF /* Chip.swift in Sources */,
				939BB9F627CA9BB40001B0DF /* SmallChip.swift in Sources */,
				9369C1BB27E6458000A39E57 /* CreateGenre.swift in Sources */,
			);
			runOnlyForDeploymentPostprocessing = 0;
		};
		932198F0279D86E600CB6E76 /* Sources */ = {
			isa = PBXSourcesBuildPhase;
			buildActionMask = 2147483647;
			files = (
				9329053F27C2916F000D15AE /* BookList.swift in Sources */,
				939BB9F027CA44D60001B0DF /* CoreData.swift in Sources */,
				9369C1C127E6486500A39E57 /* CreateTag.swift in Sources */,
				93219912279D86E600CB6E76 /* BookJournalApp.swift in Sources */,
				9369C1C327E6486B00A39E57 /* CreateGenre.swift in Sources */,
				9369C18A27E51D5500A39E57 /* EditorsSearchList.swift in Sources */,
				9369C1C427E6486E00A39E57 /* GenresSearchList.swift in Sources */,
				9369C18D27E51E1900A39E57 /* CreateEditor.swift in Sources */,
				9369C1A227E5410800A39E57 /* CreateCountry.swift in Sources */,
				9346342827C2DFA6003B233F /* BookListItem.swift in Sources */,
				9369C1AF27E62FE000A39E57 /* PickerMimickerWithName.swift in Sources */,
				93219916279D86E600CB6E76 /* Persistence.swift in Sources */,
				9346661D27C9407000D58DE7 /* MacNewBookWindowView.swift in Sources */,
				9369C1D527E76ED700A39E57 /* MacNewBookWindow.swift in Sources */,
				9369C18627E5128200A39E57 /* CreateAuthor.swift in Sources */,
				9369C19427E520CC00A39E57 /* PublishersSearchList.swift in Sources */,
				9346662927C9841900D58DE7 /* Books.swift in Sources */,
				9309D78427E4A55F00F19670 /* AuthorsSearchList.swift in Sources */,
				9329054227C2932F000D15AE /* Constants.swift in Sources */,
				93219910279D86E600CB6E76 /* BookJournal.xcdatamodeld in Sources */,
				9369C1B327E631EC00A39E57 /* LanguagePicker.swift in Sources */,
				9369C1CB27E64B8B00A39E57 /* CreateCategory.swift in Sources */,
				9369C19127E5204A00A39E57 /* CreatePublisher.swift in Sources */,
				9369C1AB27E62C1F00A39E57 /* WrappingSmallChipsWithName.swift in Sources */,
				9329054527C29C55000D15AE /* BookView.swift in Sources */,
				9369C19827E53BC400A39E57 /* TranslatorsSearchList.swift in Sources */,
				9369C19F27E53FE000A39E57 /* CountriesSearchList.swift in Sources */,
				9309D78027E4A51500F19670 /* SearchList.swift in Sources */,
				93219914279D86E600CB6E76 /* ContentView.swift in Sources */,
				9369C1C227E6486800A39E57 /* TagsSearchList.swift in Sources */,
				9369C1C827E64B3800A39E57 /* CategoriesSearchList.swift in Sources */,
				9369C19B27E53C3D00A39E57 /* CreateTranslator.swift in Sources */,
				939BB9F427CA785F0001B0DF /* Chip.swift in Sources */,
				939BB9F727CA9BB40001B0DF /* SmallChip.swift in Sources */,
			);
			runOnlyForDeploymentPostprocessing = 0;
		};
		932198F7279D86E600CB6E76 /* Sources */ = {
			isa = PBXSourcesBuildPhase;
			buildActionMask = 2147483647;
			files = (
				93219902279D86E600CB6E76 /* Tests_iOSLaunchTests.swift in Sources */,
				93219900279D86E600CB6E76 /* Tests_iOS.swift in Sources */,
			);
			runOnlyForDeploymentPostprocessing = 0;
		};
		93219903279D86E600CB6E76 /* Sources */ = {
			isa = PBXSourcesBuildPhase;
			buildActionMask = 2147483647;
			files = (
				9321990E279D86E600CB6E76 /* Tests_macOSLaunchTests.swift in Sources */,
				9321990C279D86E600CB6E76 /* Tests_macOS.swift in Sources */,
			);
			runOnlyForDeploymentPostprocessing = 0;
		};
/* End PBXSourcesBuildPhase section */

/* Begin PBXTargetDependency section */
		932198FD279D86E600CB6E76 /* PBXTargetDependency */ = {
			isa = PBXTargetDependency;
			target = 932198ED279D86E600CB6E76 /* BookJournal (iOS) */;
			targetProxy = 932198FC279D86E600CB6E76 /* PBXContainerItemProxy */;
		};
		93219909279D86E600CB6E76 /* PBXTargetDependency */ = {
			isa = PBXTargetDependency;
			target = 932198F3279D86E600CB6E76 /* BookJournal (macOS) */;
			targetProxy = 93219908279D86E600CB6E76 /* PBXContainerItemProxy */;
		};
/* End PBXTargetDependency section */

/* Begin XCBuildConfiguration section */
		93219919279D86E600CB6E76 /* Debug */ = {
			isa = XCBuildConfiguration;
			buildSettings = {
				ALWAYS_SEARCH_USER_PATHS = NO;
				CLANG_ANALYZER_NONNULL = YES;
				CLANG_ANALYZER_NUMBER_OBJECT_CONVERSION = YES_AGGRESSIVE;
				CLANG_CXX_LANGUAGE_STANDARD = "gnu++17";
				CLANG_CXX_LIBRARY = "libc++";
				CLANG_ENABLE_MODULES = YES;
				CLANG_ENABLE_OBJC_ARC = YES;
				CLANG_ENABLE_OBJC_WEAK = YES;
				CLANG_WARN_BLOCK_CAPTURE_AUTORELEASING = YES;
				CLANG_WARN_BOOL_CONVERSION = YES;
				CLANG_WARN_COMMA = YES;
				CLANG_WARN_CONSTANT_CONVERSION = YES;
				CLANG_WARN_DEPRECATED_OBJC_IMPLEMENTATIONS = YES;
				CLANG_WARN_DIRECT_OBJC_ISA_USAGE = YES_ERROR;
				CLANG_WARN_DOCUMENTATION_COMMENTS = YES;
				CLANG_WARN_EMPTY_BODY = YES;
				CLANG_WARN_ENUM_CONVERSION = YES;
				CLANG_WARN_INFINITE_RECURSION = YES;
				CLANG_WARN_INT_CONVERSION = YES;
				CLANG_WARN_NON_LITERAL_NULL_CONVERSION = YES;
				CLANG_WARN_OBJC_IMPLICIT_RETAIN_SELF = YES;
				CLANG_WARN_OBJC_LITERAL_CONVERSION = YES;
				CLANG_WARN_OBJC_ROOT_CLASS = YES_ERROR;
				CLANG_WARN_QUOTED_INCLUDE_IN_FRAMEWORK_HEADER = YES;
				CLANG_WARN_RANGE_LOOP_ANALYSIS = YES;
				CLANG_WARN_STRICT_PROTOTYPES = YES;
				CLANG_WARN_SUSPICIOUS_MOVE = YES;
				CLANG_WARN_UNGUARDED_AVAILABILITY = YES_AGGRESSIVE;
				CLANG_WARN_UNREACHABLE_CODE = YES;
				CLANG_WARN__DUPLICATE_METHOD_MATCH = YES;
				COPY_PHASE_STRIP = NO;
				DEBUG_INFORMATION_FORMAT = dwarf;
				ENABLE_STRICT_OBJC_MSGSEND = YES;
				ENABLE_TESTABILITY = YES;
				GCC_C_LANGUAGE_STANDARD = gnu11;
				GCC_DYNAMIC_NO_PIC = NO;
				GCC_NO_COMMON_BLOCKS = YES;
				GCC_OPTIMIZATION_LEVEL = 0;
				GCC_PREPROCESSOR_DEFINITIONS = (
					"DEBUG=1",
					"$(inherited)",
				);
				GCC_WARN_64_TO_32_BIT_CONVERSION = YES;
				GCC_WARN_ABOUT_RETURN_TYPE = YES_ERROR;
				GCC_WARN_UNDECLARED_SELECTOR = YES;
				GCC_WARN_UNINITIALIZED_AUTOS = YES_AGGRESSIVE;
				GCC_WARN_UNUSED_FUNCTION = YES;
				GCC_WARN_UNUSED_VARIABLE = YES;
				IPHONEOS_DEPLOYMENT_TARGET = 14.7;
				MACOSX_DEPLOYMENT_TARGET = 11.0;
				MTL_ENABLE_DEBUG_INFO = INCLUDE_SOURCE;
				MTL_FAST_MATH = YES;
				ONLY_ACTIVE_ARCH = YES;
				SWIFT_ACTIVE_COMPILATION_CONDITIONS = DEBUG;
				SWIFT_OPTIMIZATION_LEVEL = "-Onone";
			};
			name = Debug;
		};
		9321991A279D86E600CB6E76 /* Release */ = {
			isa = XCBuildConfiguration;
			buildSettings = {
				ALWAYS_SEARCH_USER_PATHS = NO;
				CLANG_ANALYZER_NONNULL = YES;
				CLANG_ANALYZER_NUMBER_OBJECT_CONVERSION = YES_AGGRESSIVE;
				CLANG_CXX_LANGUAGE_STANDARD = "gnu++17";
				CLANG_CXX_LIBRARY = "libc++";
				CLANG_ENABLE_MODULES = YES;
				CLANG_ENABLE_OBJC_ARC = YES;
				CLANG_ENABLE_OBJC_WEAK = YES;
				CLANG_WARN_BLOCK_CAPTURE_AUTORELEASING = YES;
				CLANG_WARN_BOOL_CONVERSION = YES;
				CLANG_WARN_COMMA = YES;
				CLANG_WARN_CONSTANT_CONVERSION = YES;
				CLANG_WARN_DEPRECATED_OBJC_IMPLEMENTATIONS = YES;
				CLANG_WARN_DIRECT_OBJC_ISA_USAGE = YES_ERROR;
				CLANG_WARN_DOCUMENTATION_COMMENTS = YES;
				CLANG_WARN_EMPTY_BODY = YES;
				CLANG_WARN_ENUM_CONVERSION = YES;
				CLANG_WARN_INFINITE_RECURSION = YES;
				CLANG_WARN_INT_CONVERSION = YES;
				CLANG_WARN_NON_LITERAL_NULL_CONVERSION = YES;
				CLANG_WARN_OBJC_IMPLICIT_RETAIN_SELF = YES;
				CLANG_WARN_OBJC_LITERAL_CONVERSION = YES;
				CLANG_WARN_OBJC_ROOT_CLASS = YES_ERROR;
				CLANG_WARN_QUOTED_INCLUDE_IN_FRAMEWORK_HEADER = YES;
				CLANG_WARN_RANGE_LOOP_ANALYSIS = YES;
				CLANG_WARN_STRICT_PROTOTYPES = YES;
				CLANG_WARN_SUSPICIOUS_MOVE = YES;
				CLANG_WARN_UNGUARDED_AVAILABILITY = YES_AGGRESSIVE;
				CLANG_WARN_UNREACHABLE_CODE = YES;
				CLANG_WARN__DUPLICATE_METHOD_MATCH = YES;
				COPY_PHASE_STRIP = NO;
				DEBUG_INFORMATION_FORMAT = "dwarf-with-dsym";
				ENABLE_NS_ASSERTIONS = NO;
				ENABLE_STRICT_OBJC_MSGSEND = YES;
				GCC_C_LANGUAGE_STANDARD = gnu11;
				GCC_NO_COMMON_BLOCKS = YES;
				GCC_WARN_64_TO_32_BIT_CONVERSION = YES;
				GCC_WARN_ABOUT_RETURN_TYPE = YES_ERROR;
				GCC_WARN_UNDECLARED_SELECTOR = YES;
				GCC_WARN_UNINITIALIZED_AUTOS = YES_AGGRESSIVE;
				GCC_WARN_UNUSED_FUNCTION = YES;
				GCC_WARN_UNUSED_VARIABLE = YES;
				IPHONEOS_DEPLOYMENT_TARGET = 14.7;
				MACOSX_DEPLOYMENT_TARGET = 11.0;
				MTL_ENABLE_DEBUG_INFO = NO;
				MTL_FAST_MATH = YES;
				SWIFT_COMPILATION_MODE = wholemodule;
				SWIFT_OPTIMIZATION_LEVEL = "-O";
			};
			name = Release;
		};
		9321991C279D86E600CB6E76 /* Debug */ = {
			isa = XCBuildConfiguration;
			buildSettings = {
				ASSETCATALOG_COMPILER_APPICON_NAME = AppIcon;
				ASSETCATALOG_COMPILER_GLOBAL_ACCENT_COLOR_NAME = AccentColor;
				CODE_SIGN_STYLE = Automatic;
				CURRENT_PROJECT_VERSION = 1;
				DEVELOPMENT_TEAM = MMG5EY7EYL;
				ENABLE_PREVIEWS = YES;
				GENERATE_INFOPLIST_FILE = YES;
				INFOPLIST_KEY_UIApplicationSceneManifest_Generation = YES;
				INFOPLIST_KEY_UIApplicationSupportsIndirectInputEvents = YES;
				INFOPLIST_KEY_UILaunchScreen_Generation = YES;
				INFOPLIST_KEY_UISupportedInterfaceOrientations_iPad = "UIInterfaceOrientationPortrait UIInterfaceOrientationPortraitUpsideDown UIInterfaceOrientationLandscapeLeft UIInterfaceOrientationLandscapeRight";
				INFOPLIST_KEY_UISupportedInterfaceOrientations_iPhone = "UIInterfaceOrientationPortrait UIInterfaceOrientationLandscapeLeft UIInterfaceOrientationLandscapeRight";
				IPHONEOS_DEPLOYMENT_TARGET = 15.2;
				LD_RUNPATH_SEARCH_PATHS = (
					"$(inherited)",
					"@executable_path/Frameworks",
				);
				MARKETING_VERSION = 1.0.0;
				PRODUCT_BUNDLE_IDENTIFIER = com.alexseifert.BookJournal;
				PRODUCT_NAME = BookJournal;
				SDKROOT = iphoneos;
				SWIFT_EMIT_LOC_STRINGS = YES;
				SWIFT_VERSION = 5.0;
				TARGETED_DEVICE_FAMILY = "1,2";
			};
			name = Debug;
		};
		9321991D279D86E600CB6E76 /* Release */ = {
			isa = XCBuildConfiguration;
			buildSettings = {
				ASSETCATALOG_COMPILER_APPICON_NAME = AppIcon;
				ASSETCATALOG_COMPILER_GLOBAL_ACCENT_COLOR_NAME = AccentColor;
				CODE_SIGN_STYLE = Automatic;
				CURRENT_PROJECT_VERSION = 1;
				DEVELOPMENT_TEAM = MMG5EY7EYL;
				ENABLE_PREVIEWS = YES;
				GENERATE_INFOPLIST_FILE = YES;
				INFOPLIST_KEY_UIApplicationSceneManifest_Generation = YES;
				INFOPLIST_KEY_UIApplicationSupportsIndirectInputEvents = YES;
				INFOPLIST_KEY_UILaunchScreen_Generation = YES;
				INFOPLIST_KEY_UISupportedInterfaceOrientations_iPad = "UIInterfaceOrientationPortrait UIInterfaceOrientationPortraitUpsideDown UIInterfaceOrientationLandscapeLeft UIInterfaceOrientationLandscapeRight";
				INFOPLIST_KEY_UISupportedInterfaceOrientations_iPhone = "UIInterfaceOrientationPortrait UIInterfaceOrientationLandscapeLeft UIInterfaceOrientationLandscapeRight";
				IPHONEOS_DEPLOYMENT_TARGET = 15.2;
				LD_RUNPATH_SEARCH_PATHS = (
					"$(inherited)",
					"@executable_path/Frameworks",
				);
				MARKETING_VERSION = 1.0.0;
				PRODUCT_BUNDLE_IDENTIFIER = com.alexseifert.BookJournal;
				PRODUCT_NAME = BookJournal;
				SDKROOT = iphoneos;
				SWIFT_EMIT_LOC_STRINGS = YES;
				SWIFT_VERSION = 5.0;
				TARGETED_DEVICE_FAMILY = "1,2";
				VALIDATE_PRODUCT = YES;
			};
			name = Release;
		};
		9321991F279D86E600CB6E76 /* Debug */ = {
			isa = XCBuildConfiguration;
			buildSettings = {
				ASSETCATALOG_COMPILER_APPICON_NAME = AppIcon;
				ASSETCATALOG_COMPILER_GLOBAL_ACCENT_COLOR_NAME = AccentColor;
				CODE_SIGN_ENTITLEMENTS = macOS/macOS.entitlements;
				CODE_SIGN_IDENTITY = "Apple Development";
				CODE_SIGN_STYLE = Automatic;
				COMBINE_HIDPI_IMAGES = YES;
				CURRENT_PROJECT_VERSION = 1;
				DEVELOPMENT_TEAM = MMG5EY7EYL;
				ENABLE_HARDENED_RUNTIME = YES;
				ENABLE_PREVIEWS = YES;
				GENERATE_INFOPLIST_FILE = YES;
				INFOPLIST_FILE = "BookJournal--macOS--Info.plist";
				INFOPLIST_KEY_LSApplicationCategoryType = "public.app-category.lifestyle";
				INFOPLIST_KEY_NSHumanReadableCopyright = "";
				LD_RUNPATH_SEARCH_PATHS = (
					"$(inherited)",
					"@executable_path/../Frameworks",
				);
				MACOSX_DEPLOYMENT_TARGET = 12.0;
				MARKETING_VERSION = 1.0.0;
				PRODUCT_BUNDLE_IDENTIFIER = com.alexseifert.BookJournal;
				PRODUCT_NAME = BookJournal;
				PROVISIONING_PROFILE_SPECIFIER = "";
				SDKROOT = macosx;
				SWIFT_EMIT_LOC_STRINGS = YES;
				SWIFT_VERSION = 5.0;
			};
			name = Debug;
		};
		93219920279D86E600CB6E76 /* Release */ = {
			isa = XCBuildConfiguration;
			buildSettings = {
				ASSETCATALOG_COMPILER_APPICON_NAME = AppIcon;
				ASSETCATALOG_COMPILER_GLOBAL_ACCENT_COLOR_NAME = AccentColor;
				CODE_SIGN_ENTITLEMENTS = macOS/macOS.entitlements;
				CODE_SIGN_IDENTITY = "Apple Development";
				CODE_SIGN_STYLE = Automatic;
				COMBINE_HIDPI_IMAGES = YES;
				CURRENT_PROJECT_VERSION = 1;
				DEVELOPMENT_TEAM = MMG5EY7EYL;
				ENABLE_HARDENED_RUNTIME = YES;
				ENABLE_PREVIEWS = YES;
				GENERATE_INFOPLIST_FILE = YES;
				INFOPLIST_FILE = "BookJournal--macOS--Info.plist";
				INFOPLIST_KEY_LSApplicationCategoryType = "public.app-category.lifestyle";
				INFOPLIST_KEY_NSHumanReadableCopyright = "";
				LD_RUNPATH_SEARCH_PATHS = (
					"$(inherited)",
					"@executable_path/../Frameworks",
				);
				MACOSX_DEPLOYMENT_TARGET = 12.0;
				MARKETING_VERSION = 1.0.0;
				PRODUCT_BUNDLE_IDENTIFIER = com.alexseifert.BookJournal;
				PRODUCT_NAME = BookJournal;
				PROVISIONING_PROFILE_SPECIFIER = "";
				SDKROOT = macosx;
				SWIFT_EMIT_LOC_STRINGS = YES;
				SWIFT_VERSION = 5.0;
			};
			name = Release;
		};
		93219922279D86E600CB6E76 /* Debug */ = {
			isa = XCBuildConfiguration;
			buildSettings = {
				ALWAYS_EMBED_SWIFT_STANDARD_LIBRARIES = YES;
				CODE_SIGN_STYLE = Automatic;
				CURRENT_PROJECT_VERSION = 1;
				DEVELOPMENT_TEAM = MMG5EY7EYL;
				GENERATE_INFOPLIST_FILE = YES;
				IPHONEOS_DEPLOYMENT_TARGET = 15.2;
				MARKETING_VERSION = 1.0;
				PRODUCT_BUNDLE_IDENTIFIER = "com.alexseifert.Tests-iOS";
				PRODUCT_NAME = "$(TARGET_NAME)";
				SDKROOT = iphoneos;
				SWIFT_EMIT_LOC_STRINGS = NO;
				SWIFT_VERSION = 5.0;
				TARGETED_DEVICE_FAMILY = "1,2";
				TEST_TARGET_NAME = "BookJournal (iOS)";
			};
			name = Debug;
		};
		93219923279D86E600CB6E76 /* Release */ = {
			isa = XCBuildConfiguration;
			buildSettings = {
				ALWAYS_EMBED_SWIFT_STANDARD_LIBRARIES = YES;
				CODE_SIGN_STYLE = Automatic;
				CURRENT_PROJECT_VERSION = 1;
				DEVELOPMENT_TEAM = MMG5EY7EYL;
				GENERATE_INFOPLIST_FILE = YES;
				IPHONEOS_DEPLOYMENT_TARGET = 15.2;
				MARKETING_VERSION = 1.0;
				PRODUCT_BUNDLE_IDENTIFIER = "com.alexseifert.Tests-iOS";
				PRODUCT_NAME = "$(TARGET_NAME)";
				SDKROOT = iphoneos;
				SWIFT_EMIT_LOC_STRINGS = NO;
				SWIFT_VERSION = 5.0;
				TARGETED_DEVICE_FAMILY = "1,2";
				TEST_TARGET_NAME = "BookJournal (iOS)";
				VALIDATE_PRODUCT = YES;
			};
			name = Release;
		};
		93219925279D86E600CB6E76 /* Debug */ = {
			isa = XCBuildConfiguration;
			buildSettings = {
				ALWAYS_EMBED_SWIFT_STANDARD_LIBRARIES = YES;
				CODE_SIGN_STYLE = Automatic;
				CURRENT_PROJECT_VERSION = 1;
				DEVELOPMENT_TEAM = MMG5EY7EYL;
				GENERATE_INFOPLIST_FILE = YES;
				MACOSX_DEPLOYMENT_TARGET = 12.1;
				MARKETING_VERSION = 1.0;
				PRODUCT_BUNDLE_IDENTIFIER = "com.alexseifert.Tests-macOS";
				PRODUCT_NAME = "$(TARGET_NAME)";
				SDKROOT = macosx;
				SWIFT_EMIT_LOC_STRINGS = NO;
				SWIFT_VERSION = 5.0;
				TEST_TARGET_NAME = "BookJournal (macOS)";
			};
			name = Debug;
		};
		93219926279D86E600CB6E76 /* Release */ = {
			isa = XCBuildConfiguration;
			buildSettings = {
				ALWAYS_EMBED_SWIFT_STANDARD_LIBRARIES = YES;
				CODE_SIGN_STYLE = Automatic;
				CURRENT_PROJECT_VERSION = 1;
				DEVELOPMENT_TEAM = MMG5EY7EYL;
				GENERATE_INFOPLIST_FILE = YES;
				MACOSX_DEPLOYMENT_TARGET = 12.1;
				MARKETING_VERSION = 1.0;
				PRODUCT_BUNDLE_IDENTIFIER = "com.alexseifert.Tests-macOS";
				PRODUCT_NAME = "$(TARGET_NAME)";
				SDKROOT = macosx;
				SWIFT_EMIT_LOC_STRINGS = NO;
				SWIFT_VERSION = 5.0;
				TEST_TARGET_NAME = "BookJournal (macOS)";
			};
			name = Release;
		};
/* End XCBuildConfiguration section */

/* Begin XCConfigurationList section */
		932198E2279D86E400CB6E76 /* Build configuration list for PBXProject "BookJournal" */ = {
			isa = XCConfigurationList;
			buildConfigurations = (
				93219919279D86E600CB6E76 /* Debug */,
				9321991A279D86E600CB6E76 /* Release */,
			);
			defaultConfigurationIsVisible = 0;
			defaultConfigurationName = Release;
		};
		9321991B279D86E600CB6E76 /* Build configuration list for PBXNativeTarget "BookJournal (iOS)" */ = {
			isa = XCConfigurationList;
			buildConfigurations = (
				9321991C279D86E600CB6E76 /* Debug */,
				9321991D279D86E600CB6E76 /* Release */,
			);
			defaultConfigurationIsVisible = 0;
			defaultConfigurationName = Release;
		};
		9321991E279D86E600CB6E76 /* Build configuration list for PBXNativeTarget "BookJournal (macOS)" */ = {
			isa = XCConfigurationList;
			buildConfigurations = (
				9321991F279D86E600CB6E76 /* Debug */,
				93219920279D86E600CB6E76 /* Release */,
			);
			defaultConfigurationIsVisible = 0;
			defaultConfigurationName = Release;
		};
		93219921279D86E600CB6E76 /* Build configuration list for PBXNativeTarget "Tests iOS" */ = {
			isa = XCConfigurationList;
			buildConfigurations = (
				93219922279D86E600CB6E76 /* Debug */,
				93219923279D86E600CB6E76 /* Release */,
			);
			defaultConfigurationIsVisible = 0;
			defaultConfigurationName = Release;
		};
		93219924279D86E600CB6E76 /* Build configuration list for PBXNativeTarget "Tests macOS" */ = {
			isa = XCConfigurationList;
			buildConfigurations = (
				93219925279D86E600CB6E76 /* Debug */,
				93219926279D86E600CB6E76 /* Release */,
			);
			defaultConfigurationIsVisible = 0;
			defaultConfigurationName = Release;
		};
/* End XCConfigurationList section */

/* Begin XCRemoteSwiftPackageReference section */
		9369C1A327E628D200A39E57 /* XCRemoteSwiftPackageReference "WrappingHStack" */ = {
			isa = XCRemoteSwiftPackageReference;
			repositoryURL = "https://github.com/dkk/WrappingHStack";
			requirement = {
				kind = upToNextMajorVersion;
				minimumVersion = 2.0.0;
			};
		};
/* End XCRemoteSwiftPackageReference section */

/* Begin XCSwiftPackageProductDependency section */
		9369C1A427E628D200A39E57 /* WrappingHStack */ = {
			isa = XCSwiftPackageProductDependency;
			package = 9369C1A327E628D200A39E57 /* XCRemoteSwiftPackageReference "WrappingHStack" */;
			productName = WrappingHStack;
		};
		9369C1B527E6395B00A39E57 /* WrappingHStack */ = {
			isa = XCSwiftPackageProductDependency;
			package = 9369C1A327E628D200A39E57 /* XCRemoteSwiftPackageReference "WrappingHStack" */;
			productName = WrappingHStack;
		};
/* End XCSwiftPackageProductDependency section */

/* Begin XCVersionGroup section */
		932198E4279D86E400CB6E76 /* BookJournal.xcdatamodeld */ = {
			isa = XCVersionGroup;
			children = (
				932198E5279D86E400CB6E76 /* Shared.xcdatamodel */,
			);
			currentVersion = 932198E5279D86E400CB6E76 /* Shared.xcdatamodel */;
			path = BookJournal.xcdatamodeld;
			sourceTree = "<group>";
			versionGroupType = wrapper.xcdatamodel;
		};
/* End XCVersionGroup section */
	};
	rootObject = 932198DF279D86E400CB6E76 /* Project object */;
}
